// !$*UTF8*$!
{
	archiveVersion = 1;
	classes = {
	};
	objectVersion = 46;
	objects = {

/* Begin PBXBuildFile section */
		944E09061DA15A1A001157E3 /* AppDelegate.swift in Sources */ = {isa = PBXBuildFile; fileRef = 944E09051DA15A1A001157E3 /* AppDelegate.swift */; };
		944E09081DA15A1A001157E3 /* ViewController.swift in Sources */ = {isa = PBXBuildFile; fileRef = 944E09071DA15A1A001157E3 /* ViewController.swift */; };
		944E090B1DA15A1A001157E3 /* Main.storyboard in Resources */ = {isa = PBXBuildFile; fileRef = 944E09091DA15A1A001157E3 /* Main.storyboard */; };
		944E090D1DA15A1A001157E3 /* Assets.xcassets in Resources */ = {isa = PBXBuildFile; fileRef = 944E090C1DA15A1A001157E3 /* Assets.xcassets */; };
		944E09101DA15A1A001157E3 /* LaunchScreen.storyboard in Resources */ = {isa = PBXBuildFile; fileRef = 944E090E1DA15A1A001157E3 /* LaunchScreen.storyboard */; };
/* End PBXBuildFile section */

/* Begin PBXFileReference section */
		944E09021DA15A1A001157E3 /* FasterTapper.app */ = {isa = PBXFileReference; explicitFileType = wrapper.application; includeInIndex = 0; path = FasterTapper.app; sourceTree = BUILT_PRODUCTS_DIR; };
		944E09051DA15A1A001157E3 /* AppDelegate.swift */ = {isa = PBXFileReference; lastKnownFileType = sourcecode.swift; path = AppDelegate.swift; sourceTree = "<group>"; };
		944E09071DA15A1A001157E3 /* ViewController.swift */ = {isa = PBXFileReference; lastKnownFileType = sourcecode.swift; path = ViewController.swift; sourceTree = "<group>"; };
		944E090A1DA15A1A001157E3 /* Base */ = {isa = PBXFileReference; lastKnownFileType = file.storyboard; name = Base; path = Base.lproj/Main.storyboard; sourceTree = "<group>"; };
		944E090C1DA15A1A001157E3 /* Assets.xcassets */ = {isa = PBXFileReference; lastKnownFileType = folder.assetcatalog; path = Assets.xcassets; sourceTree = "<group>"; };
		944E090F1DA15A1A001157E3 /* Base */ = {isa = PBXFileReference; lastKnownFileType = file.storyboard; name = Base; path = Base.lproj/LaunchScreen.storyboard; sourceTree = "<group>"; };
		944E09111DA15A1A001157E3 /* Info.plist */ = {isa = PBXFileReference; lastKnownFileType = text.plist.xml; path = Info.plist; sourceTree = "<group>"; };
/* End PBXFileReference section */

/* Begin PBXFrameworksBuildPhase section */
		944E08FF1DA15A19001157E3 /* Frameworks */ = {
			isa = PBXFrameworksBuildPhase;
			buildActionMask = 2147483647;
			files = (
			);
			runOnlyForDeploymentPostprocessing = 0;
		};
/* End PBXFrameworksBuildPhase section */

/* Begin PBXGroup section */
		944E08F91DA15A19001157E3 = {
			isa = PBXGroup;
			children = (
				944E09041DA15A1A001157E3 /* FasterTapper */,
				944E09031DA15A1A001157E3 /* Products */,
			);
			sourceTree = "<group>";
		};
		944E09031DA15A1A001157E3 /* Products */ = {
			isa = PBXGroup;
			children = (
				944E09021DA15A1A001157E3 /* FasterTapper.app */,
			);
			name = Products;
			sourceTree = "<group>";
		};
		944E09041DA15A1A001157E3 /* FasterTapper */ = {
			isa = PBXGroup;
			children = (
				944E09051DA15A1A001157E3 /* AppDelegate.swift */,
				944E09071DA15A1A001157E3 /* ViewController.swift */,
				944E09091DA15A1A001157E3 /* Main.storyboard */,
				944E090C1DA15A1A001157E3 /* Assets.xcassets */,
				944E090E1DA15A1A001157E3 /* LaunchScreen.storyboard */,
				944E09111DA15A1A001157E3 /* Info.plist */,
			);
			path = FasterTapper;
			sourceTree = "<group>";
		};
/* End PBXGroup section */

/* Begin PBXNativeTarget section */
		944E09011DA15A19001157E3 /* FasterTapper */ = {
			isa = PBXNativeTarget;
			buildConfigurationList = 944E09141DA15A1A001157E3 /* Build configuration list for PBXNativeTarget "FasterTapper" */;
			buildPhases = (
				944E08FE1DA15A19001157E3 /* Sources */,
				944E08FF1DA15A19001157E3 /* Frameworks */,
				944E09001DA15A19001157E3 /* Resources */,
			);
			buildRules = (
			);
			dependencies = (
			);
			name = FasterTapper;
			productName = FasterTapper;
			productReference = 944E09021DA15A1A001157E3 /* FasterTapper.app */;
			productType = "com.apple.product-type.application";
		};
/* End PBXNativeTarget section */

/* Begin PBXProject section */
		944E08FA1DA15A19001157E3 /* Project object */ = {
			isa = PBXProject;
			attributes = {
				LastSwiftUpdateCheck = 0800;
				LastUpgradeCheck = 0800;
				ORGANIZATIONNAME = "Ryan Flach";
				TargetAttributes = {
					944E09011DA15A19001157E3 = {
						CreatedOnToolsVersion = 8.0;
						ProvisioningStyle = Automatic;
					};
				};
			};
			buildConfigurationList = 944E08FD1DA15A19001157E3 /* Build configuration list for PBXProject "FasterTapper" */;
			compatibilityVersion = "Xcode 3.2";
			developmentRegion = English;
			hasScannedForEncodings = 0;
			knownRegions = (
				en,
				Base,
			);
			mainGroup = 944E08F91DA15A19001157E3;
			productRefGroup = 944E09031DA15A1A001157E3 /* Products */;
			projectDirPath = "";
			projectRoot = "";
			targets = (
				944E09011DA15A19001157E3 /* FasterTapper */,
			);
		};
/* End PBXProject section */

/* Begin PBXResourcesBuildPhase section */
		944E09001DA15A19001157E3 /* Resources */ = {
			isa = PBXResourcesBuildPhase;
			buildActionMask = 2147483647;
			files = (
				944E09101DA15A1A001157E3 /* LaunchScreen.storyboard in Resources */,
				944E090D1DA15A1A001157E3 /* Assets.xcassets in Resources */,
				944E090B1DA15A1A001157E3 /* Main.storyboard in Resources */,
			);
			runOnlyForDeploymentPostprocessing = 0;
		};
/* End PBXResourcesBuildPhase section */

/* Begin PBXSourcesBuildPhase section */
		944E08FE1DA15A19001157E3 /* Sources */ = {
			isa = PBXSourcesBuildPhase;
			buildActionMask = 2147483647;
			files = (
				944E09081DA15A1A001157E3 /* ViewController.swift in Sources */,
				944E09061DA15A1A001157E3 /* AppDelegate.swift in Sources */,
			);
			runOnlyForDeploymentPostprocessing = 0;
		};
/* End PBXSourcesBuildPhase section */

/* Begin PBXVariantGroup section */
		944E09091DA15A1A001157E3 /* Main.storyboard */ = {
			isa = PBXVariantGroup;
			children = (
				944E090A1DA15A1A001157E3 /* Base */,
			);
			name = Main.storyboard;
			sourceTree = "<group>";
		};
		944E090E1DA15A1A001157E3 /* LaunchScreen.storyboard */ = {
			isa = PBXVariantGroup;
			children = (
				944E090F1DA15A1A001157E3 /* Base */,
			);
			name = LaunchScreen.storyboard;
			sourceTree = "<group>";
		};
/* End PBXVariantGroup section */

/* Begin XCBuildConfiguration section */
		944E09121DA15A1A001157E3 /* Debug */ = {
			isa = XCBuildConfiguration;
			buildSettings = {
				ALWAYS_SEARCH_USER_PATHS = NO;
				CLANG_ANALYZER_NONNULL = YES;
				CLANG_CXX_LANGUAGE_STANDARD = "gnu++0x";
				CLANG_CXX_LIBRARY = "libc++";
				CLANG_ENABLE_MODULES = YES;
				CLANG_ENABLE_OBJC_ARC = YES;
				CLANG_WARN_BOOL_CONVERSION = YES;
				CLANG_WARN_CONSTANT_CONVERSION = YES;
				CLANG_WARN_DIRECT_OBJC_ISA_USAGE = YES_ERROR;
				CLANG_WARN_DOCUMENTATION_COMMENTS = YES;
				CLANG_WARN_EMPTY_BODY = YES;
				CLANG_WARN_ENUM_CONVERSION = YES;
				CLANG_WARN_INFINITE_RECURSION = YES;
				CLANG_WARN_INT_CONVERSION = YES;
				CLANG_WARN_OBJC_ROOT_CLASS = YES_ERROR;
				CLANG_WARN_SUSPICIOUS_MOVES = YES;
				CLANG_WARN_UNREACHABLE_CODE = YES;
				CLANG_WARN__DUPLICATE_METHOD_MATCH = YES;
				"CODE_SIGN_IDENTITY[sdk=iphoneos*]" = "iPhone Developer";
				COPY_PHASE_STRIP = NO;
				DEBUG_INFORMATION_FORMAT = dwarf;
				ENABLE_STRICT_OBJC_MSGSEND = YES;
				ENABLE_TESTABILITY = YES;
				GCC_C_LANGUAGE_STANDARD = gnu99;
				GCC_DYNAMIC_NO_PIC = NO;
				GCC_NO_COMMON_BLOCKS = YES;
				GCC_OPTIMIZATION_LEVEL = 0;
				GCC_PREPROCESSOR_DEFINITIONS = (
					"DEBUG=1",
					"$(inherited)",
				);
				GCC_WARN_64_TO_32_BIT_CONVERSION = YES;
				GCC_WARN_ABOUT_RETURN_TYPE = YES_ERROR;
				GCC_WARN_UNDECLARED_SELECTOR = YES;
				GCC_WARN_UNINITIALIZED_AUTOS = YES_AGGRESSIVE;
				GCC_WARN_UNUSED_FUNCTION = YES;
				GCC_WARN_UNUSED_VARIABLE = YES;
				IPHONEOS_DEPLOYMENT_TARGET = 10.0;
				MTL_ENABLE_DEBUG_INFO = YES;
				ONLY_ACTIVE_ARCH = YES;
				SDKROOT = iphoneos;
				SWIFT_ACTIVE_COMPILATION_CONDITIONS = DEBUG;
				SWIFT_OPTIMIZATION_LEVEL = "-Onone";
			};
			name = Debug;
		};
		944E09131DA15A1A001157E3 /* Release */ = {
			isa = XCBuildConfiguration;
			buildSettings = {
				ALWAYS_SEARCH_USER_PATHS = NO;
				CLANG_ANALYZER_NONNULL = YES;
				CLANG_CXX_LANGUAGE_STANDARD = "gnu++0x";
				CLANG_CXX_LIBRARY = "libc++";
				CLANG_ENABLE_MODULES = YES;
				CLANG_ENABLE_OBJC_ARC = YES;
				CLANG_WARN_BOOL_CONVERSION = YES;
				CLANG_WARN_CONSTANT_CONVERSION = YES;
				CLANG_WARN_DIRECT_OBJC_ISA_USAGE = YES_ERROR;
				CLANG_WARN_DOCUMENTATION_COMMENTS = YES;
				CLANG_WARN_EMPTY_BODY = YES;
				CLANG_WARN_ENUM_CONVERSION = YES;
				CLANG_WARN_INFINITE_RECURSION = YES;
				CLANG_WARN_INT_CONVERSION = YES;
				CLANG_WARN_OBJC_ROOT_CLASS = YES_ERROR;
				CLANG_WARN_SUSPICIOUS_MOVES = YES;
				CLANG_WARN_UNREACHABLE_CODE = YES;
				CLANG_WARN__DUPLICATE_METHOD_MATCH = YES;
				"CODE_SIGN_IDENTITY[sdk=iphoneos*]" = "iPhone Developer";
				COPY_PHASE_STRIP = NO;
				DEBUG_INFORMATION_FORMAT = "dwarf-with-dsym";
				ENABLE_NS_ASSERTIONS = NO;
				ENABLE_STRICT_OBJC_MSGSEND = YES;
				GCC_C_LANGUAGE_STANDARD = gnu99;
				GCC_NO_COMMON_BLOCKS = YES;
				GCC_WARN_64_TO_32_BIT_CONVERSION = YES;
				GCC_WARN_ABOUT_RETURN_TYPE = YES_ERROR;
				GCC_WARN_UNDECLARED_SELECTOR = YES;
				GCC_WARN_UNINITIALIZED_AUTOS = YES_AGGRESSIVE;
				GCC_WARN_UNUSED_FUNCTION = YES;
				GCC_WARN_UNUSED_VARIABLE = YES;
				IPHONEOS_DEPLOYMENT_TARGET = 10.0;
				MTL_ENABLE_DEBUG_INFO = NO;
				SDKROOT = iphoneos;
				SWIFT_OPTIMIZATION_LEVEL = "-Owholemodule";
				VALIDATE_PRODUCT = YES;
			};
			name = Release;
		};
		944E09151DA15A1A001157E3 /* Debug */ = {
			isa = XCBuildConfiguration;
			buildSettings = {
				ASSETCATALOG_COMPILER_APPICON_NAME = AppIcon;
				INFOPLIST_FILE = FasterTapper/Info.plist;
				LD_RUNPATH_SEARCH_PATHS = "$(inherited) @executable_path/Frameworks";
				PRODUCT_BUNDLE_IDENTIFIER = com.turing.FasterTapper;
				PRODUCT_NAME = "$(TARGET_NAME)";
				SWIFT_VERSION = 3.0;
			};
			name = Debug;
		};
		944E09161DA15A1A001157E3 /* Release */ = {
			isa = XCBuildConfiguration;
			buildSettings = {
				ASSETCATALOG_COMPILER_APPICON_NAME = AppIcon;
				INFOPLIST_FILE = FasterTapper/Info.plist;
				LD_RUNPATH_SEARCH_PATHS = "$(inherited) @executable_path/Frameworks";
				PRODUCT_BUNDLE_IDENTIFIER = com.turing.FasterTapper;
				PRODUCT_NAME = "$(TARGET_NAME)";
				SWIFT_VERSION = 3.0;
			};
			name = Release;
		};
/* End XCBuildConfiguration section */

/* Begin XCConfigurationList section */
		944E08FD1DA15A19001157E3 /* Build configuration list for PBXProject "FasterTapper" */ = {
			isa = XCConfigurationList;
			buildConfigurations = (
				944E09121DA15A1A001157E3 /* Debug */,
				944E09131DA15A1A001157E3 /* Release */,
			);
			defaultConfigurationIsVisible = 0;
			defaultConfigurationName = Release;
		};
		944E09141DA15A1A001157E3 /* Build configuration list for PBXNativeTarget "FasterTapper" */ = {
			isa = XCConfigurationList;
			buildConfigurations = (
				944E09151DA15A1A001157E3 /* Debug */,
				944E09161DA15A1A001157E3 /* Release */,
			);
			defaultConfigurationIsVisible = 0;
		};
/* End XCConfigurationList section */
	};
	rootObject = 944E08FA1DA15A19001157E3 /* Project object */;
}
